// !$*UTF8*$!
{
	archiveVersion = 1;
	classes = {
	};
	objectVersion = 46;
	objects = {

/* Begin PBXBuildFile section */
		6B60D63D1EFCC33B0030BCD4 /* AppDelegate.swift in Sources */ = {isa = PBXBuildFile; fileRef = 6B60D63C1EFCC33B0030BCD4 /* AppDelegate.swift */; };
		6B60D63F1EFCC33B0030BCD4 /* ViewController.swift in Sources */ = {isa = PBXBuildFile; fileRef = 6B60D63E1EFCC33B0030BCD4 /* ViewController.swift */; };
		6B60D6421EFCC33B0030BCD4 /* Main.storyboard in Resources */ = {isa = PBXBuildFile; fileRef = 6B60D6401EFCC33B0030BCD4 /* Main.storyboard */; };
		6B60D6451EFCC33B0030BCD4 /* ChatApp.xcdatamodeld in Sources */ = {isa = PBXBuildFile; fileRef = 6B60D6431EFCC33B0030BCD4 /* ChatApp.xcdatamodeld */; };
		6B60D6471EFCC33B0030BCD4 /* Assets.xcassets in Resources */ = {isa = PBXBuildFile; fileRef = 6B60D6461EFCC33B0030BCD4 /* Assets.xcassets */; };
		6B60D64A1EFCC33B0030BCD4 /* LaunchScreen.storyboard in Resources */ = {isa = PBXBuildFile; fileRef = 6B60D6481EFCC33B0030BCD4 /* LaunchScreen.storyboard */; };
		6B60D6551EFCC33B0030BCD4 /* ChatAppTests.swift in Sources */ = {isa = PBXBuildFile; fileRef = 6B60D6541EFCC33B0030BCD4 /* ChatAppTests.swift */; };
		6B60D6601EFCC33B0030BCD4 /* ChatAppUITests.swift in Sources */ = {isa = PBXBuildFile; fileRef = 6B60D65F1EFCC33B0030BCD4 /* ChatAppUITests.swift */; };
/* End PBXBuildFile section */

/* Begin PBXContainerItemProxy section */
		6B60D6511EFCC33B0030BCD4 /* PBXContainerItemProxy */ = {
			isa = PBXContainerItemProxy;
			containerPortal = 6B60D6311EFCC33B0030BCD4 /* Project object */;
			proxyType = 1;
			remoteGlobalIDString = 6B60D6381EFCC33B0030BCD4;
			remoteInfo = ChatApp;
		};
		6B60D65C1EFCC33B0030BCD4 /* PBXContainerItemProxy */ = {
			isa = PBXContainerItemProxy;
			containerPortal = 6B60D6311EFCC33B0030BCD4 /* Project object */;
			proxyType = 1;
			remoteGlobalIDString = 6B60D6381EFCC33B0030BCD4;
			remoteInfo = ChatApp;
		};
/* End PBXContainerItemProxy section */

/* Begin PBXFileReference section */
		6B60D6391EFCC33B0030BCD4 /* ChatApp.app */ = {isa = PBXFileReference; explicitFileType = wrapper.application; includeInIndex = 0; path = ChatApp.app; sourceTree = BUILT_PRODUCTS_DIR; };
		6B60D63C1EFCC33B0030BCD4 /* AppDelegate.swift */ = {isa = PBXFileReference; lastKnownFileType = sourcecode.swift; path = AppDelegate.swift; sourceTree = "<group>"; };
		6B60D63E1EFCC33B0030BCD4 /* ViewController.swift */ = {isa = PBXFileReference; lastKnownFileType = sourcecode.swift; path = ViewController.swift; sourceTree = "<group>"; };
		6B60D6411EFCC33B0030BCD4 /* Base */ = {isa = PBXFileReference; lastKnownFileType = file.storyboard; name = Base; path = Base.lproj/Main.storyboard; sourceTree = "<group>"; };
		6B60D6441EFCC33B0030BCD4 /* ChatApp.xcdatamodel */ = {isa = PBXFileReference; lastKnownFileType = wrapper.xcdatamodel; path = ChatApp.xcdatamodel; sourceTree = "<group>"; };
		6B60D6461EFCC33B0030BCD4 /* Assets.xcassets */ = {isa = PBXFileReference; lastKnownFileType = folder.assetcatalog; path = Assets.xcassets; sourceTree = "<group>"; };
		6B60D6491EFCC33B0030BCD4 /* Base */ = {isa = PBXFileReference; lastKnownFileType = file.storyboard; name = Base; path = Base.lproj/LaunchScreen.storyboard; sourceTree = "<group>"; };
		6B60D64B1EFCC33B0030BCD4 /* Info.plist */ = {isa = PBXFileReference; lastKnownFileType = text.plist.xml; path = Info.plist; sourceTree = "<group>"; };
		6B60D6501EFCC33B0030BCD4 /* ChatAppTests.xctest */ = {isa = PBXFileReference; explicitFileType = wrapper.cfbundle; includeInIndex = 0; path = ChatAppTests.xctest; sourceTree = BUILT_PRODUCTS_DIR; };
		6B60D6541EFCC33B0030BCD4 /* ChatAppTests.swift */ = {isa = PBXFileReference; lastKnownFileType = sourcecode.swift; path = ChatAppTests.swift; sourceTree = "<group>"; };
		6B60D6561EFCC33B0030BCD4 /* Info.plist */ = {isa = PBXFileReference; lastKnownFileType = text.plist.xml; path = Info.plist; sourceTree = "<group>"; };
		6B60D65B1EFCC33B0030BCD4 /* ChatAppUITests.xctest */ = {isa = PBXFileReference; explicitFileType = wrapper.cfbundle; includeInIndex = 0; path = ChatAppUITests.xctest; sourceTree = BUILT_PRODUCTS_DIR; };
		6B60D65F1EFCC33B0030BCD4 /* ChatAppUITests.swift */ = {isa = PBXFileReference; lastKnownFileType = sourcecode.swift; path = ChatAppUITests.swift; sourceTree = "<group>"; };
		6B60D6611EFCC33B0030BCD4 /* Info.plist */ = {isa = PBXFileReference; lastKnownFileType = text.plist.xml; path = Info.plist; sourceTree = "<group>"; };
/* End PBXFileReference section */

/* Begin PBXFrameworksBuildPhase section */
		6B60D6361EFCC33B0030BCD4 /* Frameworks */ = {
			isa = PBXFrameworksBuildPhase;
			buildActionMask = 2147483647;
			files = (
			);
			runOnlyForDeploymentPostprocessing = 0;
		};
		6B60D64D1EFCC33B0030BCD4 /* Frameworks */ = {
			isa = PBXFrameworksBuildPhase;
			buildActionMask = 2147483647;
			files = (
			);
			runOnlyForDeploymentPostprocessing = 0;
		};
		6B60D6581EFCC33B0030BCD4 /* Frameworks */ = {
			isa = PBXFrameworksBuildPhase;
			buildActionMask = 2147483647;
			files = (
			);
			runOnlyForDeploymentPostprocessing = 0;
		};
/* End PBXFrameworksBuildPhase section */

/* Begin PBXGroup section */
		6B60D6301EFCC33B0030BCD4 = {
			isa = PBXGroup;
			children = (
				6B60D63B1EFCC33B0030BCD4 /* ChatApp */,
				6B60D6531EFCC33B0030BCD4 /* ChatAppTests */,
				6B60D65E1EFCC33B0030BCD4 /* ChatAppUITests */,
				6B60D63A1EFCC33B0030BCD4 /* Products */,
			);
			sourceTree = "<group>";
		};
		6B60D63A1EFCC33B0030BCD4 /* Products */ = {
			isa = PBXGroup;
			children = (
				6B60D6391EFCC33B0030BCD4 /* ChatApp.app */,
				6B60D6501EFCC33B0030BCD4 /* ChatAppTests.xctest */,
				6B60D65B1EFCC33B0030BCD4 /* ChatAppUITests.xctest */,
			);
			name = Products;
			sourceTree = "<group>";
		};
		6B60D63B1EFCC33B0030BCD4 /* ChatApp */ = {
			isa = PBXGroup;
			children = (
				6B60D63C1EFCC33B0030BCD4 /* AppDelegate.swift */,
				6B60D63E1EFCC33B0030BCD4 /* ViewController.swift */,
				6B60D6401EFCC33B0030BCD4 /* Main.storyboard */,
				6B60D6461EFCC33B0030BCD4 /* Assets.xcassets */,
				6B60D6481EFCC33B0030BCD4 /* LaunchScreen.storyboard */,
				6B60D64B1EFCC33B0030BCD4 /* Info.plist */,
				6B60D6431EFCC33B0030BCD4 /* ChatApp.xcdatamodeld */,
			);
			path = ChatApp;
			sourceTree = "<group>";
		};
		6B60D6531EFCC33B0030BCD4 /* ChatAppTests */ = {
			isa = PBXGroup;
			children = (
				6B60D6541EFCC33B0030BCD4 /* ChatAppTests.swift */,
				6B60D6561EFCC33B0030BCD4 /* Info.plist */,
			);
			path = ChatAppTests;
			sourceTree = "<group>";
		};
		6B60D65E1EFCC33B0030BCD4 /* ChatAppUITests */ = {
			isa = PBXGroup;
			children = (
				6B60D65F1EFCC33B0030BCD4 /* ChatAppUITests.swift */,
				6B60D6611EFCC33B0030BCD4 /* Info.plist */,
			);
			path = ChatAppUITests;
			sourceTree = "<group>";
		};
/* End PBXGroup section */

/* Begin PBXNativeTarget section */
		6B60D6381EFCC33B0030BCD4 /* ChatApp */ = {
			isa = PBXNativeTarget;
			buildConfigurationList = 6B60D6641EFCC33B0030BCD4 /* Build configuration list for PBXNativeTarget "ChatApp" */;
			buildPhases = (
				6B60D6351EFCC33B0030BCD4 /* Sources */,
				6B60D6361EFCC33B0030BCD4 /* Frameworks */,
				6B60D6371EFCC33B0030BCD4 /* Resources */,
			);
			buildRules = (
			);
			dependencies = (
			);
			name = ChatApp;
			productName = ChatApp;
			productReference = 6B60D6391EFCC33B0030BCD4 /* ChatApp.app */;
			productType = "com.apple.product-type.application";
		};
		6B60D64F1EFCC33B0030BCD4 /* ChatAppTests */ = {
			isa = PBXNativeTarget;
			buildConfigurationList = 6B60D6671EFCC33B0030BCD4 /* Build configuration list for PBXNativeTarget "ChatAppTests" */;
			buildPhases = (
				6B60D64C1EFCC33B0030BCD4 /* Sources */,
				6B60D64D1EFCC33B0030BCD4 /* Frameworks */,
				6B60D64E1EFCC33B0030BCD4 /* Resources */,
			);
			buildRules = (
			);
			dependencies = (
				6B60D6521EFCC33B0030BCD4 /* PBXTargetDependency */,
			);
			name = ChatAppTests;
			productName = ChatAppTests;
			productReference = 6B60D6501EFCC33B0030BCD4 /* ChatAppTests.xctest */;
			productType = "com.apple.product-type.bundle.unit-test";
		};
		6B60D65A1EFCC33B0030BCD4 /* ChatAppUITests */ = {
			isa = PBXNativeTarget;
			buildConfigurationList = 6B60D66A1EFCC33B0030BCD4 /* Build configuration list for PBXNativeTarget "ChatAppUITests" */;
			buildPhases = (
				6B60D6571EFCC33B0030BCD4 /* Sources */,
				6B60D6581EFCC33B0030BCD4 /* Frameworks */,
				6B60D6591EFCC33B0030BCD4 /* Resources */,
			);
			buildRules = (
			);
			dependencies = (
				6B60D65D1EFCC33B0030BCD4 /* PBXTargetDependency */,
			);
			name = ChatAppUITests;
			productName = ChatAppUITests;
			productReference = 6B60D65B1EFCC33B0030BCD4 /* ChatAppUITests.xctest */;
			productType = "com.apple.product-type.bundle.ui-testing";
		};
/* End PBXNativeTarget section */

/* Begin PBXProject section */
		6B60D6311EFCC33B0030BCD4 /* Project object */ = {
			isa = PBXProject;
			attributes = {
				LastSwiftUpdateCheck = 0830;
				LastUpgradeCheck = 0830;
				ORGANIZATIONNAME = "Raluca Angheluta";
				TargetAttributes = {
					6B60D6381EFCC33B0030BCD4 = {
						CreatedOnToolsVersion = 8.3.1;
						DevelopmentTeam = 792P25997C;
						ProvisioningStyle = Automatic;
					};
					6B60D64F1EFCC33B0030BCD4 = {
						CreatedOnToolsVersion = 8.3.1;
						DevelopmentTeam = 792P25997C;
						ProvisioningStyle = Automatic;
						TestTargetID = 6B60D6381EFCC33B0030BCD4;
					};
					6B60D65A1EFCC33B0030BCD4 = {
						CreatedOnToolsVersion = 8.3.1;
						DevelopmentTeam = 792P25997C;
						ProvisioningStyle = Automatic;
						TestTargetID = 6B60D6381EFCC33B0030BCD4;
					};
				};
			};
			buildConfigurationList = 6B60D6341EFCC33B0030BCD4 /* Build configuration list for PBXProject "ChatApp" */;
			compatibilityVersion = "Xcode 3.2";
			developmentRegion = English;
			hasScannedForEncodings = 0;
			knownRegions = (
				en,
				Base,
			);
			mainGroup = 6B60D6301EFCC33B0030BCD4;
			productRefGroup = 6B60D63A1EFCC33B0030BCD4 /* Products */;
			projectDirPath = "";
			projectRoot = "";
			targets = (
				6B60D6381EFCC33B0030BCD4 /* ChatApp */,
				6B60D64F1EFCC33B0030BCD4 /* ChatAppTests */,
				6B60D65A1EFCC33B0030BCD4 /* ChatAppUITests */,
			);
		};
/* End PBXProject section */

/* Begin PBXResourcesBuildPhase section */
		6B60D6371EFCC33B0030BCD4 /* Resources */ = {
			isa = PBXResourcesBuildPhase;
			buildActionMask = 2147483647;
			files = (
				6B60D64A1EFCC33B0030BCD4 /* LaunchScreen.storyboard in Resources */,
				6B60D6471EFCC33B0030BCD4 /* Assets.xcassets in Resources */,
				6B60D6421EFCC33B0030BCD4 /* Main.storyboard in Resources */,
			);
			runOnlyForDeploymentPostprocessing = 0;
		};
		6B60D64E1EFCC33B0030BCD4 /* Resources */ = {
			isa = PBXResourcesBuildPhase;
			buildActionMask = 2147483647;
			files = (
			);
			runOnlyForDeploymentPostprocessing = 0;
		};
		6B60D6591EFCC33B0030BCD4 /* Resources */ = {
			isa = PBXResourcesBuildPhase;
			buildActionMask = 2147483647;
			files = (
			);
			runOnlyForDeploymentPostprocessing = 0;
		};
/* End PBXResourcesBuildPhase section */

/* Begin PBXSourcesBuildPhase section */
		6B60D6351EFCC33B0030BCD4 /* Sources */ = {
			isa = PBXSourcesBuildPhase;
			buildActionMask = 2147483647;
			files = (
				6B60D6451EFCC33B0030BCD4 /* ChatApp.xcdatamodeld in Sources */,
				6B60D63F1EFCC33B0030BCD4 /* ViewController.swift in Sources */,
				6B60D63D1EFCC33B0030BCD4 /* AppDelegate.swift in Sources */,
			);
			runOnlyForDeploymentPostprocessing = 0;
		};
		6B60D64C1EFCC33B0030BCD4 /* Sources */ = {
			isa = PBXSourcesBuildPhase;
			buildActionMask = 2147483647;
			files = (
				6B60D6551EFCC33B0030BCD4 /* ChatAppTests.swift in Sources */,
			);
			runOnlyForDeploymentPostprocessing = 0;
		};
		6B60D6571EFCC33B0030BCD4 /* Sources */ = {
			isa = PBXSourcesBuildPhase;
			buildActionMask = 2147483647;
			files = (
				6B60D6601EFCC33B0030BCD4 /* ChatAppUITests.swift in Sources */,
			);
			runOnlyForDeploymentPostprocessing = 0;
		};
/* End PBXSourcesBuildPhase section */

/* Begin PBXTargetDependency section */
		6B60D6521EFCC33B0030BCD4 /* PBXTargetDependency */ = {
			isa = PBXTargetDependency;
			target = 6B60D6381EFCC33B0030BCD4 /* ChatApp */;
			targetProxy = 6B60D6511EFCC33B0030BCD4 /* PBXContainerItemProxy */;
		};
		6B60D65D1EFCC33B0030BCD4 /* PBXTargetDependency */ = {
			isa = PBXTargetDependency;
			target = 6B60D6381EFCC33B0030BCD4 /* ChatApp */;
			targetProxy = 6B60D65C1EFCC33B0030BCD4 /* PBXContainerItemProxy */;
		};
/* End PBXTargetDependency section */

/* Begin PBXVariantGroup section */
		6B60D6401EFCC33B0030BCD4 /* Main.storyboard */ = {
			isa = PBXVariantGroup;
			children = (
				6B60D6411EFCC33B0030BCD4 /* Base */,
			);
			name = Main.storyboard;
			sourceTree = "<group>";
		};
		6B60D6481EFCC33B0030BCD4 /* LaunchScreen.storyboard */ = {
			isa = PBXVariantGroup;
			children = (
				6B60D6491EFCC33B0030BCD4 /* Base */,
			);
			name = LaunchScreen.storyboard;
			sourceTree = "<group>";
		};
/* End PBXVariantGroup section */

/* Begin XCBuildConfiguration section */
		6B60D6621EFCC33B0030BCD4 /* Debug */ = {
			isa = XCBuildConfiguration;
			buildSettings = {
				ALWAYS_SEARCH_USER_PATHS = NO;
				CLANG_ANALYZER_NONNULL = YES;
				CLANG_ANALYZER_NUMBER_OBJECT_CONVERSION = YES_AGGRESSIVE;
				CLANG_CXX_LANGUAGE_STANDARD = "gnu++0x";
				CLANG_CXX_LIBRARY = "libc++";
				CLANG_ENABLE_MODULES = YES;
				CLANG_ENABLE_OBJC_ARC = YES;
				CLANG_WARN_BOOL_CONVERSION = YES;
				CLANG_WARN_CONSTANT_CONVERSION = YES;
				CLANG_WARN_DIRECT_OBJC_ISA_USAGE = YES_ERROR;
				CLANG_WARN_DOCUMENTATION_COMMENTS = YES;
				CLANG_WARN_EMPTY_BODY = YES;
				CLANG_WARN_ENUM_CONVERSION = YES;
				CLANG_WARN_INFINITE_RECURSION = YES;
				CLANG_WARN_INT_CONVERSION = YES;
				CLANG_WARN_OBJC_ROOT_CLASS = YES_ERROR;
				CLANG_WARN_SUSPICIOUS_MOVE = YES;
				CLANG_WARN_UNREACHABLE_CODE = YES;
				CLANG_WARN__DUPLICATE_METHOD_MATCH = YES;
				"CODE_SIGN_IDENTITY[sdk=iphoneos*]" = "iPhone Developer";
				COPY_PHASE_STRIP = NO;
				DEBUG_INFORMATION_FORMAT = dwarf;
				ENABLE_STRICT_OBJC_MSGSEND = YES;
				ENABLE_TESTABILITY = YES;
				GCC_C_LANGUAGE_STANDARD = gnu99;
				GCC_DYNAMIC_NO_PIC = NO;
				GCC_NO_COMMON_BLOCKS = YES;
				GCC_OPTIMIZATION_LEVEL = 0;
				GCC_PREPROCESSOR_DEFINITIONS = (
					"DEBUG=1",
					"$(inherited)",
				);
				GCC_WARN_64_TO_32_BIT_CONVERSION = YES;
				GCC_WARN_ABOUT_RETURN_TYPE = YES_ERROR;
				GCC_WARN_UNDECLARED_SELECTOR = YES;
				GCC_WARN_UNINITIALIZED_AUTOS = YES_AGGRESSIVE;
				GCC_WARN_UNUSED_FUNCTION = YES;
				GCC_WARN_UNUSED_VARIABLE = YES;
				IPHONEOS_DEPLOYMENT_TARGET = 10.3;
				MTL_ENABLE_DEBUG_INFO = YES;
				ONLY_ACTIVE_ARCH = YES;
				SDKROOT = iphoneos;
				SWIFT_ACTIVE_COMPILATION_CONDITIONS = DEBUG;
				SWIFT_OPTIMIZATION_LEVEL = "-Onone";
				TARGETED_DEVICE_FAMILY = "1,2";
			};
			name = Debug;
		};
		6B60D6631EFCC33B0030BCD4 /* Release */ = {
			isa = XCBuildConfiguration;
			buildSettings = {
				ALWAYS_SEARCH_USER_PATHS = NO;
				CLANG_ANALYZER_NONNULL = YES;
				CLANG_ANALYZER_NUMBER_OBJECT_CONVERSION = YES_AGGRESSIVE;
				CLANG_CXX_LANGUAGE_STANDARD = "gnu++0x";
				CLANG_CXX_LIBRARY = "libc++";
				CLANG_ENABLE_MODULES = YES;
				CLANG_ENABLE_OBJC_ARC = YES;
				CLANG_WARN_BOOL_CONVERSION = YES;
				CLANG_WARN_CONSTANT_CONVERSION = YES;
				CLANG_WARN_DIRECT_OBJC_ISA_USAGE = YES_ERROR;
				CLANG_WARN_DOCUMENTATION_COMMENTS = YES;
				CLANG_WARN_EMPTY_BODY = YES;
				CLANG_WARN_ENUM_CONVERSION = YES;
				CLANG_WARN_INFINITE_RECURSION = YES;
				CLANG_WARN_INT_CONVERSION = YES;
				CLANG_WARN_OBJC_ROOT_CLASS = YES_ERROR;
				CLANG_WARN_SUSPICIOUS_MOVE = YES;
				CLANG_WARN_UNREACHABLE_CODE = YES;
				CLANG_WARN__DUPLICATE_METHOD_MATCH = YES;
				"CODE_SIGN_IDENTITY[sdk=iphoneos*]" = "iPhone Developer";
				COPY_PHASE_STRIP = NO;
				DEBUG_INFORMATION_FORMAT = "dwarf-with-dsym";
				ENABLE_NS_ASSERTIONS = NO;
				ENABLE_STRICT_OBJC_MSGSEND = YES;
				GCC_C_LANGUAGE_STANDARD = gnu99;
				GCC_NO_COMMON_BLOCKS = YES;
				GCC_WARN_64_TO_32_BIT_CONVERSION = YES;
				GCC_WARN_ABOUT_RETURN_TYPE = YES_ERROR;
				GCC_WARN_UNDECLARED_SELECTOR = YES;
				GCC_WARN_UNINITIALIZED_AUTOS = YES_AGGRESSIVE;
				GCC_WARN_UNUSED_FUNCTION = YES;
				GCC_WARN_UNUSED_VARIABLE = YES;
				IPHONEOS_DEPLOYMENT_TARGET = 10.3;
				MTL_ENABLE_DEBUG_INFO = NO;
				SDKROOT = iphoneos;
				SWIFT_OPTIMIZATION_LEVEL = "-Owholemodule";
				TARGETED_DEVICE_FAMILY = "1,2";
				VALIDATE_PRODUCT = YES;
			};
			name = Release;
		};
		6B60D6651EFCC33B0030BCD4 /* Debug */ = {
			isa = XCBuildConfiguration;
			buildSettings = {
				ASSETCATALOG_COMPILER_APPICON_NAME = AppIcon;
				DEVELOPMENT_TEAM = 792P25997C;
				INFOPLIST_FILE = ChatApp/Info.plist;
				LD_RUNPATH_SEARCH_PATHS = "$(inherited) @executable_path/Frameworks";
				PRODUCT_BUNDLE_IDENTIFIER = "Raluca-Angheluta.ChatApp";
				PRODUCT_NAME = "$(TARGET_NAME)";
				SWIFT_VERSION = 3.0;
			};
			name = Debug;
		};
		6B60D6661EFCC33B0030BCD4 /* Release */ = {
			isa = XCBuildConfiguration;
			buildSettings = {
				ASSETCATALOG_COMPILER_APPICON_NAME = AppIcon;
				DEVELOPMENT_TEAM = 792P25997C;
				INFOPLIST_FILE = ChatApp/Info.plist;
				LD_RUNPATH_SEARCH_PATHS = "$(inherited) @executable_path/Frameworks";
				PRODUCT_BUNDLE_IDENTIFIER = "Raluca-Angheluta.ChatApp";
				PRODUCT_NAME = "$(TARGET_NAME)";
				SWIFT_VERSION = 3.0;
			};
			name = Release;
		};
		6B60D6681EFCC33B0030BCD4 /* Debug */ = {
			isa = XCBuildConfiguration;
			buildSettings = {
				ALWAYS_EMBED_SWIFT_STANDARD_LIBRARIES = YES;
				BUNDLE_LOADER = "$(TEST_HOST)";
				DEVELOPMENT_TEAM = 792P25997C;
				INFOPLIST_FILE = ChatAppTests/Info.plist;
				LD_RUNPATH_SEARCH_PATHS = "$(inherited) @executable_path/Frameworks @loader_path/Frameworks";
				PRODUCT_BUNDLE_IDENTIFIER = "Raluca-Angheluta.ChatAppTests";
				PRODUCT_NAME = "$(TARGET_NAME)";
				SWIFT_VERSION = 3.0;
				TEST_HOST = "$(BUILT_PRODUCTS_DIR)/ChatApp.app/ChatApp";
			};
			name = Debug;
		};
		6B60D6691EFCC33B0030BCD4 /* Release */ = {
			isa = XCBuildConfiguration;
			buildSettings = {
				ALWAYS_EMBED_SWIFT_STANDARD_LIBRARIES = YES;
				BUNDLE_LOADER = "$(TEST_HOST)";
				DEVELOPMENT_TEAM = 792P25997C;
				INFOPLIST_FILE = ChatAppTests/Info.plist;
				LD_RUNPATH_SEARCH_PATHS = "$(inherited) @executable_path/Frameworks @loader_path/Frameworks";
				PRODUCT_BUNDLE_IDENTIFIER = "Raluca-Angheluta.ChatAppTests";
				PRODUCT_NAME = "$(TARGET_NAME)";
				SWIFT_VERSION = 3.0;
				TEST_HOST = "$(BUILT_PRODUCTS_DIR)/ChatApp.app/ChatApp";
			};
			name = Release;
		};
		6B60D66B1EFCC33B0030BCD4 /* Debug */ = {
			isa = XCBuildConfiguration;
			buildSettings = {
				ALWAYS_EMBED_SWIFT_STANDARD_LIBRARIES = YES;
				DEVELOPMENT_TEAM = 792P25997C;
				INFOPLIST_FILE = ChatAppUITests/Info.plist;
				LD_RUNPATH_SEARCH_PATHS = "$(inherited) @executable_path/Frameworks @loader_path/Frameworks";
				PRODUCT_BUNDLE_IDENTIFIER = "Raluca-Angheluta.ChatAppUITests";
				PRODUCT_NAME = "$(TARGET_NAME)";
				SWIFT_VERSION = 3.0;
				TEST_TARGET_NAME = ChatApp;
			};
			name = Debug;
		};
		6B60D66C1EFCC33B0030BCD4 /* Release */ = {
			isa = XCBuildConfiguration;
			buildSettings = {
				ALWAYS_EMBED_SWIFT_STANDARD_LIBRARIES = YES;
				DEVELOPMENT_TEAM = 792P25997C;
				INFOPLIST_FILE = ChatAppUITests/Info.plist;
				LD_RUNPATH_SEARCH_PATHS = "$(inherited) @executable_path/Frameworks @loader_path/Frameworks";
				PRODUCT_BUNDLE_IDENTIFIER = "Raluca-Angheluta.ChatAppUITests";
				PRODUCT_NAME = "$(TARGET_NAME)";
				SWIFT_VERSION = 3.0;
				TEST_TARGET_NAME = ChatApp;
			};
			name = Release;
		};
/* End XCBuildConfiguration section */

/* Begin XCConfigurationList section */
		6B60D6341EFCC33B0030BCD4 /* Build configuration list for PBXProject "ChatApp" */ = {
			isa = XCConfigurationList;
			buildConfigurations = (
				6B60D6621EFCC33B0030BCD4 /* Debug */,
				6B60D6631EFCC33B0030BCD4 /* Release */,
			);
			defaultConfigurationIsVisible = 0;
			defaultConfigurationName = Release;
		};
		6B60D6641EFCC33B0030BCD4 /* Build configuration list for PBXNativeTarget "ChatApp" */ = {
			isa = XCConfigurationList;
			buildConfigurations = (
				6B60D6651EFCC33B0030BCD4 /* Debug */,
				6B60D6661EFCC33B0030BCD4 /* Release */,
			);
			defaultConfigurationIsVisible = 0;
		};
		6B60D6671EFCC33B0030BCD4 /* Build configuration list for PBXNativeTarget "ChatAppTests" */ = {
			isa = XCConfigurationList;
			buildConfigurations = (
				6B60D6681EFCC33B0030BCD4 /* Debug */,
				6B60D6691EFCC33B0030BCD4 /* Release */,
			);
			defaultConfigurationIsVisible = 0;
		};
		6B60D66A1EFCC33B0030BCD4 /* Build configuration list for PBXNativeTarget "ChatAppUITests" */ = {
			isa = XCConfigurationList;
			buildConfigurations = (
				6B60D66B1EFCC33B0030BCD4 /* Debug */,
				6B60D66C1EFCC33B0030BCD4 /* Release */,
			);
			defaultConfigurationIsVisible = 0;
		};
/* End XCConfigurationList section */

/* Begin XCVersionGroup section */
		6B60D6431EFCC33B0030BCD4 /* ChatApp.xcdatamodeld */ = {
			isa = XCVersionGroup;
			children = (
				6B60D6441EFCC33B0030BCD4 /* ChatApp.xcdatamodel */,
			);
			currentVersion = 6B60D6441EFCC33B0030BCD4 /* ChatApp.xcdatamodel */;
			path = ChatApp.xcdatamodeld;
			sourceTree = "<group>";
			versionGroupType = wrapper.xcdatamodel;
		};
/* End XCVersionGroup section */
	};
	rootObject = 6B60D6311EFCC33B0030BCD4 /* Project object */;
}
